
Microsoft Visual Studio Solution File, Format Version 12.00
Project("{FAE04EC0-301F-11D3-BF4B-00C04F79EFBC}") = "Axi3.0", "Axi3.0\Axi3.0.csproj", "{D1E893C4-F2AD-4FDC-92BC-71CB262F0338}"
EndProject
Project("{FAE04EC0-301F-11D3-BF4B-00C04F79EFBC}") = "AxiUnitTests", "AxiUnitTests\AxiUnitTests.csproj", "{46C0AE6A-A36B-469E-8F00-54ABBDFED6E8}"
EndProject
Project("{FAE04EC0-301F-11D3-BF4B-00C04F79EFBC}") = "AxiDAL", "AxiDAL\AxiDAL.csproj", "{593104E6-AB1C-41C1-9C76-DD6EE0AA8D15}"
EndProject
Project("{FAE04EC0-301F-11D3-BF4B-00C04F79EFBC}") = "AxiLogic", "AxiLogic\AxiLogic.csproj", "{546D1F31-917A-4FBC-A8EF-DFA45B9A7CB0}"
EndProject
Global
	GlobalSection(SolutionConfigurationPlatforms) = preSolution
		Debug|Any CPU = Debug|Any CPU
		Release|Any CPU = Release|Any CPU
	EndGlobalSection
	GlobalSection(ProjectConfigurationPlatforms) = postSolution
		{D1E893C4-F2AD-4FDC-92BC-71CB262F0338}.Debug|Any CPU.ActiveCfg = Debug|Any CPU
		{D1E893C4-F2AD-4FDC-92BC-71CB262F0338}.Debug|Any CPU.Build.0 = Debug|Any CPU
		{D1E893C4-F2AD-4FDC-92BC-71CB262F0338}.Release|Any CPU.ActiveCfg = Release|Any CPU
		{D1E893C4-F2AD-4FDC-92BC-71CB262F0338}.Release|Any CPU.Build.0 = Release|Any CPU
		{46C0AE6A-A36B-469E-8F00-54ABBDFED6E8}.Debug|Any CPU.ActiveCfg = Debug|Any CPU
		{46C0AE6A-A36B-469E-8F00-54ABBDFED6E8}.Debug|Any CPU.Build.0 = Debug|Any CPU
		{46C0AE6A-A36B-469E-8F00-54ABBDFED6E8}.Release|Any CPU.ActiveCfg = Release|Any CPU
		{46C0AE6A-A36B-469E-8F00-54ABBDFED6E8}.Release|Any CPU.Build.0 = Release|Any CPU
		{593104E6-AB1C-41C1-9C76-DD6EE0AA8D15}.Debug|Any CPU.ActiveCfg = Debug|Any CPU
		{593104E6-AB1C-41C1-9C76-DD6EE0AA8D15}.Debug|Any CPU.Build.0 = Debug|Any CPU
		{593104E6-AB1C-41C1-9C76-DD6EE0AA8D15}.Release|Any CPU.ActiveCfg = Release|Any CPU
		{593104E6-AB1C-41C1-9C76-DD6EE0AA8D15}.Release|Any CPU.Build.0 = Release|Any CPU
		{546D1F31-917A-4FBC-A8EF-DFA45B9A7CB0}.Debug|Any CPU.ActiveCfg = Debug|Any CPU
		{546D1F31-917A-4FBC-A8EF-DFA45B9A7CB0}.Debug|Any CPU.Build.0 = Debug|Any CPU
		{546D1F31-917A-4FBC-A8EF-DFA45B9A7CB0}.Release|Any CPU.ActiveCfg = Release|Any CPU
		{546D1F31-917A-4FBC-A8EF-DFA45B9A7CB0}.Release|Any CPU.Build.0 = Release|Any CPU
	EndGlobalSection
EndGlobal
